
Microsoft Visual Studio Solution File, Format Version 12.00
# Visual Studio 15
VisualStudioVersion = 15.0.28010.2026
MinimumVisualStudioVersion = 10.0.40219.1
Project("{FAE04EC0-301F-11D3-BF4B-00C04F79EFBC}") = "ProjetoTeste", "ProjetoTeste\ProjetoTeste.csproj", "{D56CF0AE-F58B-41F4-B2B9-5CF8F6ACF477}"
EndProject
Global
	GlobalSection(SolutionConfigurationPlatforms) = preSolution
		Debug|Any CPU = Debug|Any CPU
		Release|Any CPU = Release|Any CPU
	EndGlobalSection
	GlobalSection(ProjectConfigurationPlatforms) = postSolution
		{D56CF0AE-F58B-41F4-B2B9-5CF8F6ACF477}.Debug|Any CPU.ActiveCfg = Debug|Any CPU
		{D56CF0AE-F58B-41F4-B2B9-5CF8F6ACF477}.Debug|Any CPU.Build.0 = Debug|Any CPU
		{D56CF0AE-F58B-41F4-B2B9-5CF8F6ACF477}.Release|Any CPU.ActiveCfg = Release|Any CPU
		{D56CF0AE-F58B-41F4-B2B9-5CF8F6ACF477}.Release|Any CPU.Build.0 = Release|Any CPU
	EndGlobalSection
	GlobalSection(SolutionProperties) = preSolution
		HideSolutionNode = FALSE
	EndGlobalSection
	GlobalSection(ExtensibilityGlobals) = postSolution
		SolutionGuid = {8630D295-CBD4-40B8-BE90-4DC1AFA0AE45}
	EndGlobalSection
EndGlobal
